// !$*UTF8*$!
{
	archiveVersion = 1;
	classes = {
	};
	objectVersion = 56;
	objects = {

/* Begin PBXBuildFile section */
		9A1ECDBF291811A000C28194 /* GoogleService-Info.plist in Resources */ = {isa = PBXBuildFile; fileRef = 9A1ECDBE291811A000C28194 /* GoogleService-Info.plist */; };
		9A1ECDC12918E9A800C28194 /* GirisVC.swift in Sources */ = {isa = PBXBuildFile; fileRef = 9A1ECDC02918E9A800C28194 /* GirisVC.swift */; };
		9A1ECDC32918ED0D00C28194 /* KullaniciOlusturVC.swift in Sources */ = {isa = PBXBuildFile; fileRef = 9A1ECDC22918ED0D00C28194 /* KullaniciOlusturVC.swift */; };
		9ABA156629095B0F00E6CA24 /* AppDelegate.swift in Sources */ = {isa = PBXBuildFile; fileRef = 9ABA156529095B0F00E6CA24 /* AppDelegate.swift */; };
		9ABA156829095B0F00E6CA24 /* SceneDelegate.swift in Sources */ = {isa = PBXBuildFile; fileRef = 9ABA156729095B0F00E6CA24 /* SceneDelegate.swift */; };
		9ABA156A29095B0F00E6CA24 /* AnaVC.swift in Sources */ = {isa = PBXBuildFile; fileRef = 9ABA156929095B0F00E6CA24 /* AnaVC.swift */; };
		9ABA156D29095B0F00E6CA24 /* Main.storyboard in Resources */ = {isa = PBXBuildFile; fileRef = 9ABA156B29095B0F00E6CA24 /* Main.storyboard */; };
		9ABA156F29095B1000E6CA24 /* Assets.xcassets in Resources */ = {isa = PBXBuildFile; fileRef = 9ABA156E29095B1000E6CA24 /* Assets.xcassets */; };
		9ABA157229095B1000E6CA24 /* LaunchScreen.storyboard in Resources */ = {isa = PBXBuildFile; fileRef = 9ABA157029095B1000E6CA24 /* LaunchScreen.storyboard */; };
		9ABA157D2909609C00E6CA24 /* FirebaseAnalytics in Frameworks */ = {isa = PBXBuildFile; productRef = 9ABA157C2909609C00E6CA24 /* FirebaseAnalytics */; };
		9ABA157F2909609C00E6CA24 /* FirebaseAnalyticsOnDeviceConversion in Frameworks */ = {isa = PBXBuildFile; productRef = 9ABA157E2909609C00E6CA24 /* FirebaseAnalyticsOnDeviceConversion */; };
		9ABA15812909609C00E6CA24 /* FirebaseAnalyticsSwift in Frameworks */ = {isa = PBXBuildFile; productRef = 9ABA15802909609C00E6CA24 /* FirebaseAnalyticsSwift */; };
		9ABA15832909609C00E6CA24 /* FirebaseAnalyticsWithoutAdIdSupport in Frameworks */ = {isa = PBXBuildFile; productRef = 9ABA15822909609C00E6CA24 /* FirebaseAnalyticsWithoutAdIdSupport */; };
		9ABA15852909609C00E6CA24 /* FirebaseAppCheck in Frameworks */ = {isa = PBXBuildFile; productRef = 9ABA15842909609C00E6CA24 /* FirebaseAppCheck */; };
		9ABA15872909609C00E6CA24 /* FirebaseAppDistribution-Beta in Frameworks */ = {isa = PBXBuildFile; productRef = 9ABA15862909609C00E6CA24 /* FirebaseAppDistribution-Beta */; };
		9ABA15892909609C00E6CA24 /* FirebaseAuth in Frameworks */ = {isa = PBXBuildFile; productRef = 9ABA15882909609C00E6CA24 /* FirebaseAuth */; };
		9ABA158B2909609C00E6CA24 /* FirebaseAuthCombine-Community in Frameworks */ = {isa = PBXBuildFile; productRef = 9ABA158A2909609C00E6CA24 /* FirebaseAuthCombine-Community */; };
		9ABA158D2909609C00E6CA24 /* FirebaseCrashlytics in Frameworks */ = {isa = PBXBuildFile; productRef = 9ABA158C2909609C00E6CA24 /* FirebaseCrashlytics */; };
		9ABA158F2909609C00E6CA24 /* FirebaseDatabase in Frameworks */ = {isa = PBXBuildFile; productRef = 9ABA158E2909609C00E6CA24 /* FirebaseDatabase */; };
		9ABA15912909609C00E6CA24 /* FirebaseDatabaseSwift in Frameworks */ = {isa = PBXBuildFile; productRef = 9ABA15902909609C00E6CA24 /* FirebaseDatabaseSwift */; };
		9ABA15932909609C00E6CA24 /* FirebaseDynamicLinks in Frameworks */ = {isa = PBXBuildFile; productRef = 9ABA15922909609C00E6CA24 /* FirebaseDynamicLinks */; };
		9ABA15952909609C00E6CA24 /* FirebaseFirestore in Frameworks */ = {isa = PBXBuildFile; productRef = 9ABA15942909609C00E6CA24 /* FirebaseFirestore */; };
		9ABA15972909609C00E6CA24 /* FirebaseFirestoreCombine-Community in Frameworks */ = {isa = PBXBuildFile; productRef = 9ABA15962909609C00E6CA24 /* FirebaseFirestoreCombine-Community */; };
		9ABA15992909609C00E6CA24 /* FirebaseFirestoreSwift in Frameworks */ = {isa = PBXBuildFile; productRef = 9ABA15982909609C00E6CA24 /* FirebaseFirestoreSwift */; };
		9ABA159B2909609C00E6CA24 /* FirebaseFunctions in Frameworks */ = {isa = PBXBuildFile; productRef = 9ABA159A2909609C00E6CA24 /* FirebaseFunctions */; };
		9ABA159D2909609C00E6CA24 /* FirebaseFunctionsCombine-Community in Frameworks */ = {isa = PBXBuildFile; productRef = 9ABA159C2909609C00E6CA24 /* FirebaseFunctionsCombine-Community */; };
		9ABA159F2909609C00E6CA24 /* FirebaseInAppMessaging-Beta in Frameworks */ = {isa = PBXBuildFile; productRef = 9ABA159E2909609C00E6CA24 /* FirebaseInAppMessaging-Beta */; };
		9ABA15A12909609C00E6CA24 /* FirebaseInAppMessagingSwift-Beta in Frameworks */ = {isa = PBXBuildFile; productRef = 9ABA15A02909609C00E6CA24 /* FirebaseInAppMessagingSwift-Beta */; };
		9ABA15A32909609C00E6CA24 /* FirebaseInstallations in Frameworks */ = {isa = PBXBuildFile; productRef = 9ABA15A22909609C00E6CA24 /* FirebaseInstallations */; };
		9ABA15A52909609C00E6CA24 /* FirebaseMLModelDownloader in Frameworks */ = {isa = PBXBuildFile; productRef = 9ABA15A42909609C00E6CA24 /* FirebaseMLModelDownloader */; };
		9ABA15A72909609C00E6CA24 /* FirebaseMessaging in Frameworks */ = {isa = PBXBuildFile; productRef = 9ABA15A62909609C00E6CA24 /* FirebaseMessaging */; };
		9ABA15A92909609C00E6CA24 /* FirebasePerformance in Frameworks */ = {isa = PBXBuildFile; productRef = 9ABA15A82909609C00E6CA24 /* FirebasePerformance */; };
		9ABA15AB2909609C00E6CA24 /* FirebaseRemoteConfig in Frameworks */ = {isa = PBXBuildFile; productRef = 9ABA15AA2909609C00E6CA24 /* FirebaseRemoteConfig */; };
		9ABA15AD2909609C00E6CA24 /* FirebaseRemoteConfigSwift in Frameworks */ = {isa = PBXBuildFile; productRef = 9ABA15AC2909609C00E6CA24 /* FirebaseRemoteConfigSwift */; };
		9ABA15AF2909609D00E6CA24 /* FirebaseStorage in Frameworks */ = {isa = PBXBuildFile; productRef = 9ABA15AE2909609D00E6CA24 /* FirebaseStorage */; };
		9ABA15B12909609D00E6CA24 /* FirebaseStorageCombine-Community in Frameworks */ = {isa = PBXBuildFile; productRef = 9ABA15B02909609D00E6CA24 /* FirebaseStorageCombine-Community */; };
		9ABA15B82909717700E6CA24 /* FikirEkleVC.swift in Sources */ = {isa = PBXBuildFile; fileRef = 9ABA15B72909717700E6CA24 /* FikirEkleVC.swift */; };
		9ABA15BA29097ADD00E6CA24 /* Kategoriler.swift in Sources */ = {isa = PBXBuildFile; fileRef = 9ABA15B929097ADD00E6CA24 /* Kategoriler.swift */; };
		9ABA15BC29097C0D00E6CA24 /* Sabitler.swift in Sources */ = {isa = PBXBuildFile; fileRef = 9ABA15BB29097C0D00E6CA24 /* Sabitler.swift */; };
		9ABA15BE29098C5400E6CA24 /* Fikir.swift in Sources */ = {isa = PBXBuildFile; fileRef = 9ABA15BD29098C5400E6CA24 /* Fikir.swift */; };
		9ABA15C029098D8600E6CA24 /* FikirCell.swift in Sources */ = {isa = PBXBuildFile; fileRef = 9ABA15BF29098D8600E6CA24 /* FikirCell.swift */; };
		9ACBE4EE2919459D00D0EE0A /* YorumlarVC.swift in Sources */ = {isa = PBXBuildFile; fileRef = 9ACBE4ED2919459C00D0EE0A /* YorumlarVC.swift */; };
		9ACBE4F029194CEC00D0EE0A /* YorumCell.swift in Sources */ = {isa = PBXBuildFile; fileRef = 9ACBE4EF29194CEC00D0EE0A /* YorumCell.swift */; };
		9ACBE4F22919541400D0EE0A /* Yorum.swift in Sources */ = {isa = PBXBuildFile; fileRef = 9ACBE4F12919541400D0EE0A /* Yorum.swift */; };
		9ACBE4F52919749F00D0EE0A /* KlavyeAyarlamasi.swift in Sources */ = {isa = PBXBuildFile; fileRef = 9ACBE4F42919749F00D0EE0A /* KlavyeAyarlamasi.swift */; };
		9AF2AD0429213B2000AC9CFD /* YorumDuzenleVC.swift in Sources */ = {isa = PBXBuildFile; fileRef = 9AF2AD0329213B2000AC9CFD /* YorumDuzenleVC.swift */; };
		9AF2AD062921639100AC9CFD /* Begeni.swift in Sources */ = {isa = PBXBuildFile; fileRef = 9AF2AD052921639100AC9CFD /* Begeni.swift */; };
		9AF2AD082921705F00AC9CFD /* Uzantilar.swift in Sources */ = {isa = PBXBuildFile; fileRef = 9AF2AD072921705F00AC9CFD /* Uzantilar.swift */; };
/* End PBXBuildFile section */

/* Begin PBXFileReference section */
		9A1ECDBE291811A000C28194 /* GoogleService-Info.plist */ = {isa = PBXFileReference; fileEncoding = 4; lastKnownFileType = text.plist.xml; name = "GoogleService-Info.plist"; path = "../../GoogleService-Info.plist"; sourceTree = "<group>"; };
		9A1ECDC02918E9A800C28194 /* GirisVC.swift */ = {isa = PBXFileReference; lastKnownFileType = sourcecode.swift; path = GirisVC.swift; sourceTree = "<group>"; };
		9A1ECDC22918ED0D00C28194 /* KullaniciOlusturVC.swift */ = {isa = PBXFileReference; lastKnownFileType = sourcecode.swift; path = KullaniciOlusturVC.swift; sourceTree = "<group>"; };
		9ABA156229095B0F00E6CA24 /* Kampusun Kalbi.app */ = {isa = PBXFileReference; explicitFileType = wrapper.application; includeInIndex = 0; path = "Kampusun Kalbi.app"; sourceTree = BUILT_PRODUCTS_DIR; };
		9ABA156529095B0F00E6CA24 /* AppDelegate.swift */ = {isa = PBXFileReference; lastKnownFileType = sourcecode.swift; path = AppDelegate.swift; sourceTree = "<group>"; };
		9ABA156729095B0F00E6CA24 /* SceneDelegate.swift */ = {isa = PBXFileReference; lastKnownFileType = sourcecode.swift; path = SceneDelegate.swift; sourceTree = "<group>"; };
		9ABA156929095B0F00E6CA24 /* AnaVC.swift */ = {isa = PBXFileReference; lastKnownFileType = sourcecode.swift; path = AnaVC.swift; sourceTree = "<group>"; };
		9ABA156C29095B0F00E6CA24 /* Base */ = {isa = PBXFileReference; lastKnownFileType = file.storyboard; name = Base; path = Base.lproj/Main.storyboard; sourceTree = "<group>"; };
		9ABA156E29095B1000E6CA24 /* Assets.xcassets */ = {isa = PBXFileReference; lastKnownFileType = folder.assetcatalog; path = Assets.xcassets; sourceTree = "<group>"; };
		9ABA157129095B1000E6CA24 /* Base */ = {isa = PBXFileReference; lastKnownFileType = file.storyboard; name = Base; path = Base.lproj/LaunchScreen.storyboard; sourceTree = "<group>"; };
		9ABA157329095B1000E6CA24 /* Info.plist */ = {isa = PBXFileReference; lastKnownFileType = text.plist.xml; path = Info.plist; sourceTree = "<group>"; };
		9ABA15B72909717700E6CA24 /* FikirEkleVC.swift */ = {isa = PBXFileReference; lastKnownFileType = sourcecode.swift; path = FikirEkleVC.swift; sourceTree = "<group>"; };
		9ABA15B929097ADD00E6CA24 /* Kategoriler.swift */ = {isa = PBXFileReference; lastKnownFileType = sourcecode.swift; path = Kategoriler.swift; sourceTree = "<group>"; };
		9ABA15BB29097C0D00E6CA24 /* Sabitler.swift */ = {isa = PBXFileReference; lastKnownFileType = sourcecode.swift; path = Sabitler.swift; sourceTree = "<group>"; };
		9ABA15BD29098C5400E6CA24 /* Fikir.swift */ = {isa = PBXFileReference; lastKnownFileType = sourcecode.swift; path = Fikir.swift; sourceTree = "<group>"; };
		9ABA15BF29098D8600E6CA24 /* FikirCell.swift */ = {isa = PBXFileReference; lastKnownFileType = sourcecode.swift; path = FikirCell.swift; sourceTree = "<group>"; };
		9ACBE4ED2919459C00D0EE0A /* YorumlarVC.swift */ = {isa = PBXFileReference; lastKnownFileType = sourcecode.swift; path = YorumlarVC.swift; sourceTree = "<group>"; };
		9ACBE4EF29194CEC00D0EE0A /* YorumCell.swift */ = {isa = PBXFileReference; lastKnownFileType = sourcecode.swift; path = YorumCell.swift; sourceTree = "<group>"; };
		9ACBE4F12919541400D0EE0A /* Yorum.swift */ = {isa = PBXFileReference; lastKnownFileType = sourcecode.swift; path = Yorum.swift; sourceTree = "<group>"; };
		9ACBE4F42919749F00D0EE0A /* KlavyeAyarlamasi.swift */ = {isa = PBXFileReference; lastKnownFileType = sourcecode.swift; path = KlavyeAyarlamasi.swift; sourceTree = "<group>"; };
		9AF2AD0329213B2000AC9CFD /* YorumDuzenleVC.swift */ = {isa = PBXFileReference; lastKnownFileType = sourcecode.swift; path = YorumDuzenleVC.swift; sourceTree = "<group>"; };
		9AF2AD052921639100AC9CFD /* Begeni.swift */ = {isa = PBXFileReference; lastKnownFileType = sourcecode.swift; path = Begeni.swift; sourceTree = "<group>"; };
		9AF2AD072921705F00AC9CFD /* Uzantilar.swift */ = {isa = PBXFileReference; lastKnownFileType = sourcecode.swift; path = Uzantilar.swift; sourceTree = "<group>"; };
/* End PBXFileReference section */

/* Begin PBXFrameworksBuildPhase section */
		9ABA155F29095B0F00E6CA24 /* Frameworks */ = {
			isa = PBXFrameworksBuildPhase;
			buildActionMask = 2147483647;
			files = (
				9ABA158F2909609C00E6CA24 /* FirebaseDatabase in Frameworks */,
				9ABA159D2909609C00E6CA24 /* FirebaseFunctionsCombine-Community in Frameworks */,
				9ABA15952909609C00E6CA24 /* FirebaseFirestore in Frameworks */,
				9ABA15812909609C00E6CA24 /* FirebaseAnalyticsSwift in Frameworks */,
				9ABA157D2909609C00E6CA24 /* FirebaseAnalytics in Frameworks */,
				9ABA157F2909609C00E6CA24 /* FirebaseAnalyticsOnDeviceConversion in Frameworks */,
				9ABA15A52909609C00E6CA24 /* FirebaseMLModelDownloader in Frameworks */,
				9ABA15992909609C00E6CA24 /* FirebaseFirestoreSwift in Frameworks */,
				9ABA15852909609C00E6CA24 /* FirebaseAppCheck in Frameworks */,
				9ABA15832909609C00E6CA24 /* FirebaseAnalyticsWithoutAdIdSupport in Frameworks */,
				9ABA15892909609C00E6CA24 /* FirebaseAuth in Frameworks */,
				9ABA158D2909609C00E6CA24 /* FirebaseCrashlytics in Frameworks */,
				9ABA15AD2909609C00E6CA24 /* FirebaseRemoteConfigSwift in Frameworks */,
				9ABA159F2909609C00E6CA24 /* FirebaseInAppMessaging-Beta in Frameworks */,
				9ABA15912909609C00E6CA24 /* FirebaseDatabaseSwift in Frameworks */,
				9ABA159B2909609C00E6CA24 /* FirebaseFunctions in Frameworks */,
				9ABA15B12909609D00E6CA24 /* FirebaseStorageCombine-Community in Frameworks */,
				9ABA15AB2909609C00E6CA24 /* FirebaseRemoteConfig in Frameworks */,
				9ABA15872909609C00E6CA24 /* FirebaseAppDistribution-Beta in Frameworks */,
				9ABA158B2909609C00E6CA24 /* FirebaseAuthCombine-Community in Frameworks */,
				9ABA15A92909609C00E6CA24 /* FirebasePerformance in Frameworks */,
				9ABA15A12909609C00E6CA24 /* FirebaseInAppMessagingSwift-Beta in Frameworks */,
				9ABA15AF2909609D00E6CA24 /* FirebaseStorage in Frameworks */,
				9ABA15932909609C00E6CA24 /* FirebaseDynamicLinks in Frameworks */,
				9ABA15972909609C00E6CA24 /* FirebaseFirestoreCombine-Community in Frameworks */,
				9ABA15A72909609C00E6CA24 /* FirebaseMessaging in Frameworks */,
				9ABA15A32909609C00E6CA24 /* FirebaseInstallations in Frameworks */,
			);
			runOnlyForDeploymentPostprocessing = 0;
		};
/* End PBXFrameworksBuildPhase section */

/* Begin PBXGroup section */
		9ABA155929095B0F00E6CA24 = {
			isa = PBXGroup;
			children = (
				9ABA156429095B0F00E6CA24 /* Kampusun Kalbi */,
				9ABA156329095B0F00E6CA24 /* Products */,
			);
			sourceTree = "<group>";
		};
		9ABA156329095B0F00E6CA24 /* Products */ = {
			isa = PBXGroup;
			children = (
				9ABA156229095B0F00E6CA24 /* Kampusun Kalbi.app */,
			);
			name = Products;
			sourceTree = "<group>";
		};
		9ABA156429095B0F00E6CA24 /* Kampusun Kalbi */ = {
			isa = PBXGroup;
			children = (
				9ACBE4F32919742F00D0EE0A /* Ekstra */,
				9ABA15B62909710500E6CA24 /* Model */,
				9ABA15B5290970FD00E6CA24 /* View */,
				9ABA15B4290970E100E6CA24 /* Controller */,
				9ABA156529095B0F00E6CA24 /* AppDelegate.swift */,
				9ABA156729095B0F00E6CA24 /* SceneDelegate.swift */,
				9ABA156B29095B0F00E6CA24 /* Main.storyboard */,
				9ABA156E29095B1000E6CA24 /* Assets.xcassets */,
				9ABA157029095B1000E6CA24 /* LaunchScreen.storyboard */,
				9ABA157329095B1000E6CA24 /* Info.plist */,
				9A1ECDBE291811A000C28194 /* GoogleService-Info.plist */,
			);
			path = "Kampusun Kalbi";
			sourceTree = "<group>";
		};
		9ABA15B4290970E100E6CA24 /* Controller */ = {
			isa = PBXGroup;
			children = (
				9ABA156929095B0F00E6CA24 /* AnaVC.swift */,
				9ABA15B72909717700E6CA24 /* FikirEkleVC.swift */,
				9A1ECDC02918E9A800C28194 /* GirisVC.swift */,
				9A1ECDC22918ED0D00C28194 /* KullaniciOlusturVC.swift */,
				9ACBE4ED2919459C00D0EE0A /* YorumlarVC.swift */,
				9AF2AD0329213B2000AC9CFD /* YorumDuzenleVC.swift */,
			);
			path = Controller;
			sourceTree = "<group>";
		};
		9ABA15B5290970FD00E6CA24 /* View */ = {
			isa = PBXGroup;
			children = (
				9ABA15BF29098D8600E6CA24 /* FikirCell.swift */,
				9ACBE4EF29194CEC00D0EE0A /* YorumCell.swift */,
			);
			path = View;
			sourceTree = "<group>";
		};
		9ABA15B62909710500E6CA24 /* Model */ = {
			isa = PBXGroup;
			children = (
				9ABA15B929097ADD00E6CA24 /* Kategoriler.swift */,
				9ABA15BD29098C5400E6CA24 /* Fikir.swift */,
				9ACBE4F12919541400D0EE0A /* Yorum.swift */,
				9AF2AD052921639100AC9CFD /* Begeni.swift */,
			);
			path = Model;
			sourceTree = "<group>";
		};
		9ACBE4F32919742F00D0EE0A /* Ekstra */ = {
			isa = PBXGroup;
			children = (
				9ABA15BB29097C0D00E6CA24 /* Sabitler.swift */,
				9ACBE4F42919749F00D0EE0A /* KlavyeAyarlamasi.swift */,
				9AF2AD072921705F00AC9CFD /* Uzantilar.swift */,
			);
			path = Ekstra;
			sourceTree = "<group>";
		};
/* End PBXGroup section */

/* Begin PBXNativeTarget section */
		9ABA156129095B0F00E6CA24 /* Kampusun Kalbi */ = {
			isa = PBXNativeTarget;
			buildConfigurationList = 9ABA157629095B1000E6CA24 /* Build configuration list for PBXNativeTarget "Kampusun Kalbi" */;
			buildPhases = (
				9ABA155E29095B0F00E6CA24 /* Sources */,
				9ABA155F29095B0F00E6CA24 /* Frameworks */,
				9ABA156029095B0F00E6CA24 /* Resources */,
			);
			buildRules = (
			);
			dependencies = (
			);
			name = "Kampusun Kalbi";
			packageProductDependencies = (
				9ABA157C2909609C00E6CA24 /* FirebaseAnalytics */,
				9ABA157E2909609C00E6CA24 /* FirebaseAnalyticsOnDeviceConversion */,
				9ABA15802909609C00E6CA24 /* FirebaseAnalyticsSwift */,
				9ABA15822909609C00E6CA24 /* FirebaseAnalyticsWithoutAdIdSupport */,
				9ABA15842909609C00E6CA24 /* FirebaseAppCheck */,
				9ABA15862909609C00E6CA24 /* FirebaseAppDistribution-Beta */,
				9ABA15882909609C00E6CA24 /* FirebaseAuth */,
				9ABA158A2909609C00E6CA24 /* FirebaseAuthCombine-Community */,
				9ABA158C2909609C00E6CA24 /* FirebaseCrashlytics */,
				9ABA158E2909609C00E6CA24 /* FirebaseDatabase */,
				9ABA15902909609C00E6CA24 /* FirebaseDatabaseSwift */,
				9ABA15922909609C00E6CA24 /* FirebaseDynamicLinks */,
				9ABA15942909609C00E6CA24 /* FirebaseFirestore */,
				9ABA15962909609C00E6CA24 /* FirebaseFirestoreCombine-Community */,
				9ABA15982909609C00E6CA24 /* FirebaseFirestoreSwift */,
				9ABA159A2909609C00E6CA24 /* FirebaseFunctions */,
				9ABA159C2909609C00E6CA24 /* FirebaseFunctionsCombine-Community */,
				9ABA159E2909609C00E6CA24 /* FirebaseInAppMessaging-Beta */,
				9ABA15A02909609C00E6CA24 /* FirebaseInAppMessagingSwift-Beta */,
				9ABA15A22909609C00E6CA24 /* FirebaseInstallations */,
				9ABA15A42909609C00E6CA24 /* FirebaseMLModelDownloader */,
				9ABA15A62909609C00E6CA24 /* FirebaseMessaging */,
				9ABA15A82909609C00E6CA24 /* FirebasePerformance */,
				9ABA15AA2909609C00E6CA24 /* FirebaseRemoteConfig */,
				9ABA15AC2909609C00E6CA24 /* FirebaseRemoteConfigSwift */,
				9ABA15AE2909609D00E6CA24 /* FirebaseStorage */,
				9ABA15B02909609D00E6CA24 /* FirebaseStorageCombine-Community */,
			);
			productName = "Yeni Nesil Sozluk";
			productReference = 9ABA156229095B0F00E6CA24 /* Kampusun Kalbi.app */;
			productType = "com.apple.product-type.application";
		};
/* End PBXNativeTarget section */

/* Begin PBXProject section */
		9ABA155A29095B0F00E6CA24 /* Project object */ = {
			isa = PBXProject;
			attributes = {
				BuildIndependentTargetsInParallel = 1;
				LastSwiftUpdateCheck = 1400;
				LastUpgradeCheck = 1400;
				TargetAttributes = {
					9ABA156129095B0F00E6CA24 = {
						CreatedOnToolsVersion = 14.0.1;
					};
				};
			};
			buildConfigurationList = 9ABA155D29095B0F00E6CA24 /* Build configuration list for PBXProject "Kampusun Kalbi" */;
			compatibilityVersion = "Xcode 14.0";
			developmentRegion = en;
			hasScannedForEncodings = 0;
			knownRegions = (
				en,
				Base,
			);
			mainGroup = 9ABA155929095B0F00E6CA24;
			packageReferences = (
				9ABA157B2909609C00E6CA24 /* XCRemoteSwiftPackageReference "firebase-ios-sdk" */,
			);
			productRefGroup = 9ABA156329095B0F00E6CA24 /* Products */;
			projectDirPath = "";
			projectRoot = "";
			targets = (
				9ABA156129095B0F00E6CA24 /* Kampusun Kalbi */,
			);
		};
/* End PBXProject section */

/* Begin PBXResourcesBuildPhase section */
		9ABA156029095B0F00E6CA24 /* Resources */ = {
			isa = PBXResourcesBuildPhase;
			buildActionMask = 2147483647;
			files = (
				9ABA157229095B1000E6CA24 /* LaunchScreen.storyboard in Resources */,
				9A1ECDBF291811A000C28194 /* GoogleService-Info.plist in Resources */,
				9ABA156F29095B1000E6CA24 /* Assets.xcassets in Resources */,
				9ABA156D29095B0F00E6CA24 /* Main.storyboard in Resources */,
			);
			runOnlyForDeploymentPostprocessing = 0;
		};
/* End PBXResourcesBuildPhase section */

/* Begin PBXSourcesBuildPhase section */
		9ABA155E29095B0F00E6CA24 /* Sources */ = {
			isa = PBXSourcesBuildPhase;
			buildActionMask = 2147483647;
			files = (
				9A1ECDC32918ED0D00C28194 /* KullaniciOlusturVC.swift in Sources */,
				9AF2AD062921639100AC9CFD /* Begeni.swift in Sources */,
				9ACBE4F22919541400D0EE0A /* Yorum.swift in Sources */,
				9A1ECDC12918E9A800C28194 /* GirisVC.swift in Sources */,
				9ABA156A29095B0F00E6CA24 /* AnaVC.swift in Sources */,
				9ABA15BC29097C0D00E6CA24 /* Sabitler.swift in Sources */,
				9ABA15BE29098C5400E6CA24 /* Fikir.swift in Sources */,
				9ABA15BA29097ADD00E6CA24 /* Kategoriler.swift in Sources */,
				9ACBE4F52919749F00D0EE0A /* KlavyeAyarlamasi.swift in Sources */,
				9ABA156629095B0F00E6CA24 /* AppDelegate.swift in Sources */,
				9ABA156829095B0F00E6CA24 /* SceneDelegate.swift in Sources */,
				9ABA15B82909717700E6CA24 /* FikirEkleVC.swift in Sources */,
				9ACBE4EE2919459D00D0EE0A /* YorumlarVC.swift in Sources */,
				9ACBE4F029194CEC00D0EE0A /* YorumCell.swift in Sources */,
				9ABA15C029098D8600E6CA24 /* FikirCell.swift in Sources */,
				9AF2AD0429213B2000AC9CFD /* YorumDuzenleVC.swift in Sources */,
				9AF2AD082921705F00AC9CFD /* Uzantilar.swift in Sources */,
			);
			runOnlyForDeploymentPostprocessing = 0;
		};
/* End PBXSourcesBuildPhase section */

/* Begin PBXVariantGroup section */
		9ABA156B29095B0F00E6CA24 /* Main.storyboard */ = {
			isa = PBXVariantGroup;
			children = (
				9ABA156C29095B0F00E6CA24 /* Base */,
			);
			name = Main.storyboard;
			sourceTree = "<group>";
		};
		9ABA157029095B1000E6CA24 /* LaunchScreen.storyboard */ = {
			isa = PBXVariantGroup;
			children = (
				9ABA157129095B1000E6CA24 /* Base */,
			);
			name = LaunchScreen.storyboard;
			sourceTree = "<group>";
		};
/* End PBXVariantGroup section */

/* Begin XCBuildConfiguration section */
		9ABA157429095B1000E6CA24 /* Debug */ = {
			isa = XCBuildConfiguration;
			buildSettings = {
				ALWAYS_SEARCH_USER_PATHS = NO;
				CLANG_ANALYZER_NONNULL = YES;
				CLANG_ANALYZER_NUMBER_OBJECT_CONVERSION = YES_AGGRESSIVE;
				CLANG_CXX_LANGUAGE_STANDARD = "gnu++20";
				CLANG_ENABLE_MODULES = YES;
				CLANG_ENABLE_OBJC_ARC = YES;
				CLANG_ENABLE_OBJC_WEAK = YES;
				CLANG_WARN_BLOCK_CAPTURE_AUTORELEASING = YES;
				CLANG_WARN_BOOL_CONVERSION = YES;
				CLANG_WARN_COMMA = YES;
				CLANG_WARN_CONSTANT_CONVERSION = YES;
				CLANG_WARN_DEPRECATED_OBJC_IMPLEMENTATIONS = YES;
				CLANG_WARN_DIRECT_OBJC_ISA_USAGE = YES_ERROR;
				CLANG_WARN_DOCUMENTATION_COMMENTS = YES;
				CLANG_WARN_EMPTY_BODY = YES;
				CLANG_WARN_ENUM_CONVERSION = YES;
				CLANG_WARN_INFINITE_RECURSION = YES;
				CLANG_WARN_INT_CONVERSION = YES;
				CLANG_WARN_NON_LITERAL_NULL_CONVERSION = YES;
				CLANG_WARN_OBJC_IMPLICIT_RETAIN_SELF = YES;
				CLANG_WARN_OBJC_LITERAL_CONVERSION = YES;
				CLANG_WARN_OBJC_ROOT_CLASS = YES_ERROR;
				CLANG_WARN_QUOTED_INCLUDE_IN_FRAMEWORK_HEADER = YES;
				CLANG_WARN_RANGE_LOOP_ANALYSIS = YES;
				CLANG_WARN_STRICT_PROTOTYPES = YES;
				CLANG_WARN_SUSPICIOUS_MOVE = YES;
				CLANG_WARN_UNGUARDED_AVAILABILITY = YES_AGGRESSIVE;
				CLANG_WARN_UNREACHABLE_CODE = YES;
				CLANG_WARN__DUPLICATE_METHOD_MATCH = YES;
				COPY_PHASE_STRIP = NO;
				DEBUG_INFORMATION_FORMAT = dwarf;
				ENABLE_STRICT_OBJC_MSGSEND = YES;
				ENABLE_TESTABILITY = YES;
				GCC_C_LANGUAGE_STANDARD = gnu11;
				GCC_DYNAMIC_NO_PIC = NO;
				GCC_NO_COMMON_BLOCKS = YES;
				GCC_OPTIMIZATION_LEVEL = 0;
				GCC_PREPROCESSOR_DEFINITIONS = (
					"DEBUG=1",
					"$(inherited)",
				);
				GCC_WARN_64_TO_32_BIT_CONVERSION = YES;
				GCC_WARN_ABOUT_RETURN_TYPE = YES_ERROR;
				GCC_WARN_UNDECLARED_SELECTOR = YES;
				GCC_WARN_UNINITIALIZED_AUTOS = YES_AGGRESSIVE;
				GCC_WARN_UNUSED_FUNCTION = YES;
				GCC_WARN_UNUSED_VARIABLE = YES;
				IPHONEOS_DEPLOYMENT_TARGET = 16.0;
				MTL_ENABLE_DEBUG_INFO = INCLUDE_SOURCE;
				MTL_FAST_MATH = YES;
				ONLY_ACTIVE_ARCH = YES;
				SDKROOT = iphoneos;
				SWIFT_ACTIVE_COMPILATION_CONDITIONS = DEBUG;
				SWIFT_OPTIMIZATION_LEVEL = "-Onone";
			};
			name = Debug;
		};
		9ABA157529095B1000E6CA24 /* Release */ = {
			isa = XCBuildConfiguration;
			buildSettings = {
				ALWAYS_SEARCH_USER_PATHS = NO;
				CLANG_ANALYZER_NONNULL = YES;
				CLANG_ANALYZER_NUMBER_OBJECT_CONVERSION = YES_AGGRESSIVE;
				CLANG_CXX_LANGUAGE_STANDARD = "gnu++20";
				CLANG_ENABLE_MODULES = YES;
				CLANG_ENABLE_OBJC_ARC = YES;
				CLANG_ENABLE_OBJC_WEAK = YES;
				CLANG_WARN_BLOCK_CAPTURE_AUTORELEASING = YES;
				CLANG_WARN_BOOL_CONVERSION = YES;
				CLANG_WARN_COMMA = YES;
				CLANG_WARN_CONSTANT_CONVERSION = YES;
				CLANG_WARN_DEPRECATED_OBJC_IMPLEMENTATIONS = YES;
				CLANG_WARN_DIRECT_OBJC_ISA_USAGE = YES_ERROR;
				CLANG_WARN_DOCUMENTATION_COMMENTS = YES;
				CLANG_WARN_EMPTY_BODY = YES;
				CLANG_WARN_ENUM_CONVERSION = YES;
				CLANG_WARN_INFINITE_RECURSION = YES;
				CLANG_WARN_INT_CONVERSION = YES;
				CLANG_WARN_NON_LITERAL_NULL_CONVERSION = YES;
				CLANG_WARN_OBJC_IMPLICIT_RETAIN_SELF = YES;
				CLANG_WARN_OBJC_LITERAL_CONVERSION = YES;
				CLANG_WARN_OBJC_ROOT_CLASS = YES_ERROR;
				CLANG_WARN_QUOTED_INCLUDE_IN_FRAMEWORK_HEADER = YES;
				CLANG_WARN_RANGE_LOOP_ANALYSIS = YES;
				CLANG_WARN_STRICT_PROTOTYPES = YES;
				CLANG_WARN_SUSPICIOUS_MOVE = YES;
				CLANG_WARN_UNGUARDED_AVAILABILITY = YES_AGGRESSIVE;
				CLANG_WARN_UNREACHABLE_CODE = YES;
				CLANG_WARN__DUPLICATE_METHOD_MATCH = YES;
				COPY_PHASE_STRIP = NO;
				DEBUG_INFORMATION_FORMAT = "dwarf-with-dsym";
				ENABLE_NS_ASSERTIONS = NO;
				ENABLE_STRICT_OBJC_MSGSEND = YES;
				GCC_C_LANGUAGE_STANDARD = gnu11;
				GCC_NO_COMMON_BLOCKS = YES;
				GCC_WARN_64_TO_32_BIT_CONVERSION = YES;
				GCC_WARN_ABOUT_RETURN_TYPE = YES_ERROR;
				GCC_WARN_UNDECLARED_SELECTOR = YES;
				GCC_WARN_UNINITIALIZED_AUTOS = YES_AGGRESSIVE;
				GCC_WARN_UNUSED_FUNCTION = YES;
				GCC_WARN_UNUSED_VARIABLE = YES;
				IPHONEOS_DEPLOYMENT_TARGET = 16.0;
				MTL_ENABLE_DEBUG_INFO = NO;
				MTL_FAST_MATH = YES;
				SDKROOT = iphoneos;
				SWIFT_COMPILATION_MODE = wholemodule;
				SWIFT_OPTIMIZATION_LEVEL = "-O";
				VALIDATE_PRODUCT = YES;
			};
			name = Release;
		};
		9ABA157729095B1000E6CA24 /* Debug */ = {
			isa = XCBuildConfiguration;
			buildSettings = {
				ASSETCATALOG_COMPILER_APPICON_NAME = AppIcon;
				ASSETCATALOG_COMPILER_GLOBAL_ACCENT_COLOR_NAME = AccentColor;
				CODE_SIGN_STYLE = Automatic;
				CURRENT_PROJECT_VERSION = 1;
				DEVELOPMENT_TEAM = J2K39KQST2;
				GENERATE_INFOPLIST_FILE = YES;
				INFOPLIST_FILE = "Kampusun Kalbi/Info.plist";
				INFOPLIST_KEY_UIApplicationSupportsIndirectInputEvents = YES;
				INFOPLIST_KEY_UILaunchStoryboardName = LaunchScreen;
				INFOPLIST_KEY_UIMainStoryboardFile = Main;
				INFOPLIST_KEY_UISupportedInterfaceOrientations = UIInterfaceOrientationPortrait;
				LD_RUNPATH_SEARCH_PATHS = (
					"$(inherited)",
					"@executable_path/Frameworks",
				);
				MARKETING_VERSION = 1.0;
				PRODUCT_BUNDLE_IDENTIFIER = "ahmetgokdemir.com.Kampusun-Kalbi";
				PRODUCT_NAME = "$(TARGET_NAME)";
				SWIFT_EMIT_LOC_STRINGS = YES;
				SWIFT_VERSION = 5.0;
				TARGETED_DEVICE_FAMILY = "1,2";
			};
			name = Debug;
		};
		9ABA157829095B1000E6CA24 /* Release */ = {
			isa = XCBuildConfiguration;
			buildSettings = {
				ASSETCATALOG_COMPILER_APPICON_NAME = AppIcon;
				ASSETCATALOG_COMPILER_GLOBAL_ACCENT_COLOR_NAME = AccentColor;
				CODE_SIGN_STYLE = Automatic;
				CURRENT_PROJECT_VERSION = 1;
				DEVELOPMENT_TEAM = J2K39KQST2;
				GENERATE_INFOPLIST_FILE = YES;
				INFOPLIST_FILE = "Kampusun Kalbi/Info.plist";
				INFOPLIST_KEY_UIApplicationSupportsIndirectInputEvents = YES;
				INFOPLIST_KEY_UILaunchStoryboardName = LaunchScreen;
				INFOPLIST_KEY_UIMainStoryboardFile = Main;
				INFOPLIST_KEY_UISupportedInterfaceOrientations = UIInterfaceOrientationPortrait;
				LD_RUNPATH_SEARCH_PATHS = (
					"$(inherited)",
					"@executable_path/Frameworks",
				);
				MARKETING_VERSION = 1.0;
				PRODUCT_BUNDLE_IDENTIFIER = "ahmetgokdemir.com.Kampusun-Kalbi";
				PRODUCT_NAME = "$(TARGET_NAME)";
				SWIFT_EMIT_LOC_STRINGS = YES;
				SWIFT_VERSION = 5.0;
				TARGETED_DEVICE_FAMILY = "1,2";
			};
			name = Release;
		};
/* End XCBuildConfiguration section */

/* Begin XCConfigurationList section */
		9ABA155D29095B0F00E6CA24 /* Build configuration list for PBXProject "Kampusun Kalbi" */ = {
			isa = XCConfigurationList;
			buildConfigurations = (
				9ABA157429095B1000E6CA24 /* Debug */,
				9ABA157529095B1000E6CA24 /* Release */,
			);
			defaultConfigurationIsVisible = 0;
			defaultConfigurationName = Release;
		};
		9ABA157629095B1000E6CA24 /* Build configuration list for PBXNativeTarget "Kampusun Kalbi" */ = {
			isa = XCConfigurationList;
			buildConfigurations = (
				9ABA157729095B1000E6CA24 /* Debug */,
				9ABA157829095B1000E6CA24 /* Release */,
			);
			defaultConfigurationIsVisible = 0;
			defaultConfigurationName = Release;
		};
/* End XCConfigurationList section */

/* Begin XCRemoteSwiftPackageReference section */
		9ABA157B2909609C00E6CA24 /* XCRemoteSwiftPackageReference "firebase-ios-sdk" */ = {
			isa = XCRemoteSwiftPackageReference;
			repositoryURL = "https://github.com/firebase/firebase-ios-sdk";
			requirement = {
				kind = upToNextMajorVersion;
				minimumVersion = 9.0.0;
			};
		};
/* End XCRemoteSwiftPackageReference section */

/* Begin XCSwiftPackageProductDependency section */
		9ABA157C2909609C00E6CA24 /* FirebaseAnalytics */ = {
			isa = XCSwiftPackageProductDependency;
			package = 9ABA157B2909609C00E6CA24 /* XCRemoteSwiftPackageReference "firebase-ios-sdk" */;
			productName = FirebaseAnalytics;
		};
		9ABA157E2909609C00E6CA24 /* FirebaseAnalyticsOnDeviceConversion */ = {
			isa = XCSwiftPackageProductDependency;
			package = 9ABA157B2909609C00E6CA24 /* XCRemoteSwiftPackageReference "firebase-ios-sdk" */;
			productName = FirebaseAnalyticsOnDeviceConversion;
		};
		9ABA15802909609C00E6CA24 /* FirebaseAnalyticsSwift */ = {
			isa = XCSwiftPackageProductDependency;
			package = 9ABA157B2909609C00E6CA24 /* XCRemoteSwiftPackageReference "firebase-ios-sdk" */;
			productName = FirebaseAnalyticsSwift;
		};
		9ABA15822909609C00E6CA24 /* FirebaseAnalyticsWithoutAdIdSupport */ = {
			isa = XCSwiftPackageProductDependency;
			package = 9ABA157B2909609C00E6CA24 /* XCRemoteSwiftPackageReference "firebase-ios-sdk" */;
			productName = FirebaseAnalyticsWithoutAdIdSupport;
		};
		9ABA15842909609C00E6CA24 /* FirebaseAppCheck */ = {
			isa = XCSwiftPackageProductDependency;
			package = 9ABA157B2909609C00E6CA24 /* XCRemoteSwiftPackageReference "firebase-ios-sdk" */;
			productName = FirebaseAppCheck;
		};
		9ABA15862909609C00E6CA24 /* FirebaseAppDistribution-Beta */ = {
			isa = XCSwiftPackageProductDependency;
			package = 9ABA157B2909609C00E6CA24 /* XCRemoteSwiftPackageReference "firebase-ios-sdk" */;
			productName = "FirebaseAppDistribution-Beta";
		};
		9ABA15882909609C00E6CA24 /* FirebaseAuth */ = {
			isa = XCSwiftPackageProductDependency;
			package = 9ABA157B2909609C00E6CA24 /* XCRemoteSwiftPackageReference "firebase-ios-sdk" */;
			productName = FirebaseAuth;
		};
		9ABA158A2909609C00E6CA24 /* FirebaseAuthCombine-Community */ = {
			isa = XCSwiftPackageProductDependency;
			package = 9ABA157B2909609C00E6CA24 /* XCRemoteSwiftPackageReference "firebase-ios-sdk" */;
			productName = "FirebaseAuthCombine-Community";
		};
		9ABA158C2909609C00E6CA24 /* FirebaseCrashlytics */ = {
			isa = XCSwiftPackageProductDependency;
			package = 9ABA157B2909609C00E6CA24 /* XCRemoteSwiftPackageReference "firebase-ios-sdk" */;
			productName = FirebaseCrashlytics;
		};
		9ABA158E2909609C00E6CA24 /* FirebaseDatabase */ = {
			isa = XCSwiftPackageProductDependency;
			package = 9ABA157B2909609C00E6CA24 /* XCRemoteSwiftPackageReference "firebase-ios-sdk" */;
			productName = FirebaseDatabase;
		};
		9ABA15902909609C00E6CA24 /* FirebaseDatabaseSwift */ = {
			isa = XCSwiftPackageProductDependency;
			package = 9ABA157B2909609C00E6CA24 /* XCRemoteSwiftPackageReference "firebase-ios-sdk" */;
			productName = FirebaseDatabaseSwift;
		};
		9ABA15922909609C00E6CA24 /* FirebaseDynamicLinks */ = {
			isa = XCSwiftPackageProductDependency;
			package = 9ABA157B2909609C00E6CA24 /* XCRemoteSwiftPackageReference "firebase-ios-sdk" */;
			productName = FirebaseDynamicLinks;
		};
		9ABA15942909609C00E6CA24 /* FirebaseFirestore */ = {
			isa = XCSwiftPackageProductDependency;
			package = 9ABA157B2909609C00E6CA24 /* XCRemoteSwiftPackageReference "firebase-ios-sdk" */;
			productName = FirebaseFirestore;
		};
		9ABA15962909609C00E6CA24 /* FirebaseFirestoreCombine-Community */ = {
			isa = XCSwiftPackageProductDependency;
			package = 9ABA157B2909609C00E6CA24 /* XCRemoteSwiftPackageReference "firebase-ios-sdk" */;
			productName = "FirebaseFirestoreCombine-Community";
		};
		9ABA15982909609C00E6CA24 /* FirebaseFirestoreSwift */ = {
			isa = XCSwiftPackageProductDependency;
			package = 9ABA157B2909609C00E6CA24 /* XCRemoteSwiftPackageReference "firebase-ios-sdk" */;
			productName = FirebaseFirestoreSwift;
		};
		9ABA159A2909609C00E6CA24 /* FirebaseFunctions */ = {
			isa = XCSwiftPackageProductDependency;
			package = 9ABA157B2909609C00E6CA24 /* XCRemoteSwiftPackageReference "firebase-ios-sdk" */;
			productName = FirebaseFunctions;
		};
		9ABA159C2909609C00E6CA24 /* FirebaseFunctionsCombine-Community */ = {
			isa = XCSwiftPackageProductDependency;
			package = 9ABA157B2909609C00E6CA24 /* XCRemoteSwiftPackageReference "firebase-ios-sdk" */;
			productName = "FirebaseFunctionsCombine-Community";
		};
		9ABA159E2909609C00E6CA24 /* FirebaseInAppMessaging-Beta */ = {
			isa = XCSwiftPackageProductDependency;
			package = 9ABA157B2909609C00E6CA24 /* XCRemoteSwiftPackageReference "firebase-ios-sdk" */;
			productName = "FirebaseInAppMessaging-Beta";
		};
		9ABA15A02909609C00E6CA24 /* FirebaseInAppMessagingSwift-Beta */ = {
			isa = XCSwiftPackageProductDependency;
			package = 9ABA157B2909609C00E6CA24 /* XCRemoteSwiftPackageReference "firebase-ios-sdk" */;
			productName = "FirebaseInAppMessagingSwift-Beta";
		};
		9ABA15A22909609C00E6CA24 /* FirebaseInstallations */ = {
			isa = XCSwiftPackageProductDependency;
			package = 9ABA157B2909609C00E6CA24 /* XCRemoteSwiftPackageReference "firebase-ios-sdk" */;
			productName = FirebaseInstallations;
		};
		9ABA15A42909609C00E6CA24 /* FirebaseMLModelDownloader */ = {
			isa = XCSwiftPackageProductDependency;
			package = 9ABA157B2909609C00E6CA24 /* XCRemoteSwiftPackageReference "firebase-ios-sdk" */;
			productName = FirebaseMLModelDownloader;
		};
		9ABA15A62909609C00E6CA24 /* FirebaseMessaging */ = {
			isa = XCSwiftPackageProductDependency;
			package = 9ABA157B2909609C00E6CA24 /* XCRemoteSwiftPackageReference "firebase-ios-sdk" */;
			productName = FirebaseMessaging;
		};
		9ABA15A82909609C00E6CA24 /* FirebasePerformance */ = {
			isa = XCSwiftPackageProductDependency;
			package = 9ABA157B2909609C00E6CA24 /* XCRemoteSwiftPackageReference "firebase-ios-sdk" */;
			productName = FirebasePerformance;
		};
		9ABA15AA2909609C00E6CA24 /* FirebaseRemoteConfig */ = {
			isa = XCSwiftPackageProductDependency;
			package = 9ABA157B2909609C00E6CA24 /* XCRemoteSwiftPackageReference "firebase-ios-sdk" */;
			productName = FirebaseRemoteConfig;
		};
		9ABA15AC2909609C00E6CA24 /* FirebaseRemoteConfigSwift */ = {
			isa = XCSwiftPackageProductDependency;
			package = 9ABA157B2909609C00E6CA24 /* XCRemoteSwiftPackageReference "firebase-ios-sdk" */;
			productName = FirebaseRemoteConfigSwift;
		};
		9ABA15AE2909609D00E6CA24 /* FirebaseStorage */ = {
			isa = XCSwiftPackageProductDependency;
			package = 9ABA157B2909609C00E6CA24 /* XCRemoteSwiftPackageReference "firebase-ios-sdk" */;
			productName = FirebaseStorage;
		};
		9ABA15B02909609D00E6CA24 /* FirebaseStorageCombine-Community */ = {
			isa = XCSwiftPackageProductDependency;
			package = 9ABA157B2909609C00E6CA24 /* XCRemoteSwiftPackageReference "firebase-ios-sdk" */;
			productName = "FirebaseStorageCombine-Community";
		};
/* End XCSwiftPackageProductDependency section */
	};
	rootObject = 9ABA155A29095B0F00E6CA24 /* Project object */;
}
